
Microsoft Visual Studio Solution File, Format Version 12.00
# Visual Studio 14
VisualStudioVersion = 14.0.25123.0
MinimumVisualStudioVersion = 10.0.40219.1
Project("{FAE04EC0-301F-11D3-BF4B-00C04F79EFBC}") = "WatchDog", "WatchDog\WatchDog.csproj", "{E89FAA8B-1ED7-457E-84A5-AC126F9FD084}"
EndProject
Project("{54435603-DBB4-11D2-8724-00A0C9A8B90C}") = "WatchDogSetup", "WatchDogSetup\WatchDogSetup.vdproj", "{C31FFB7B-B6DA-4512-99DB-48595E7A8C8B}"
EndProject
Global
	GlobalSection(SolutionConfigurationPlatforms) = preSolution
		Debug|Any CPU = Debug|Any CPU
		Release|Any CPU = Release|Any CPU
	EndGlobalSection
	GlobalSection(ProjectConfigurationPlatforms) = postSolution
		{E89FAA8B-1ED7-457E-84A5-AC126F9FD084}.Debug|Any CPU.ActiveCfg = Debug|Any CPU
		{E89FAA8B-1ED7-457E-84A5-AC126F9FD084}.Debug|Any CPU.Build.0 = Debug|Any CPU
		{E89FAA8B-1ED7-457E-84A5-AC126F9FD084}.Release|Any CPU.ActiveCfg = Release|Any CPU
		{E89FAA8B-1ED7-457E-84A5-AC126F9FD084}.Release|Any CPU.Build.0 = Release|Any CPU
		{C31FFB7B-B6DA-4512-99DB-48595E7A8C8B}.Debug|Any CPU.ActiveCfg = Debug
		{C31FFB7B-B6DA-4512-99DB-48595E7A8C8B}.Release|Any CPU.ActiveCfg = Release
	EndGlobalSection
	GlobalSection(SolutionProperties) = preSolution
		HideSolutionNode = FALSE
	EndGlobalSection
EndGlobal
